
Microsoft Visual Studio Solution File, Format Version 12.00
# Visual Studio Version 17
VisualStudioVersion = 17.1.32328.378
MinimumVisualStudioVersion = 10.0.40219.1
Project("{9A19103F-16F7-4668-BE54-9A1E7A4F7556}") = "MyLeasing.Common", "MyLeasing.Common\MyLeasing.Common.csproj", "{14129889-974B-42C7-864D-274CA87D5EC9}"
EndProject
Project("{9A19103F-16F7-4668-BE54-9A1E7A4F7556}") = "MyLeasing.Web", "MyLeasing.Web\MyLeasing.Web.csproj", "{842331F3-ADCB-436F-9C05-A21FFDA9A6E6}"
EndProject
Global
	GlobalSection(SolutionConfigurationPlatforms) = preSolution
		Debug|Any CPU = Debug|Any CPU
		Release|Any CPU = Release|Any CPU
	EndGlobalSection
	GlobalSection(ProjectConfigurationPlatforms) = postSolution
		{14129889-974B-42C7-864D-274CA87D5EC9}.Debug|Any CPU.ActiveCfg = Debug|Any CPU
		{14129889-974B-42C7-864D-274CA87D5EC9}.Debug|Any CPU.Build.0 = Debug|Any CPU
		{14129889-974B-42C7-864D-274CA87D5EC9}.Release|Any CPU.ActiveCfg = Release|Any CPU
		{14129889-974B-42C7-864D-274CA87D5EC9}.Release|Any CPU.Build.0 = Release|Any CPU
		{842331F3-ADCB-436F-9C05-A21FFDA9A6E6}.Debug|Any CPU.ActiveCfg = Debug|Any CPU
		{842331F3-ADCB-436F-9C05-A21FFDA9A6E6}.Debug|Any CPU.Build.0 = Debug|Any CPU
		{842331F3-ADCB-436F-9C05-A21FFDA9A6E6}.Release|Any CPU.ActiveCfg = Release|Any CPU
		{842331F3-ADCB-436F-9C05-A21FFDA9A6E6}.Release|Any CPU.Build.0 = Release|Any CPU
	EndGlobalSection
	GlobalSection(SolutionProperties) = preSolution
		HideSolutionNode = FALSE
	EndGlobalSection
	GlobalSection(ExtensibilityGlobals) = postSolution
		SolutionGuid = {4DC542EF-EB1D-43DA-99CE-28C3EA07564C}
	EndGlobalSection
EndGlobal
